{
  "requires": true,
  "lockfileVersion": 1,
  "dependencies": {
    "mwafak-frame-print": {
      "version": "1.0.0",
      "resolved": "https://registry.npmjs.org/mwafak-frame-print/-/mwafak-frame-print-1.0.0.tgz",
      "integrity": "sha512-73Scps+REtMy4Ao4pMUSRiZvbNA4uYu+uxQ6qlKDtdsxfxO6DMbfccelRf0eLKfKZbE0smZ/vHq7gYX0QJQysg=="
    }
  }
}
